
Microsoft Visual Studio Solution File, Format Version 12.00
# Visual Studio Version 16
VisualStudioVersion = 16.0.31729.503
MinimumVisualStudioVersion = 10.0.40219.1
Project("{9A19103F-16F7-4668-BE54-9A1E7A4F7556}") = "MolkApp", "MolkApp\MolkApp.csproj", "{7CDE1DDC-37AD-4476-B575-C4D2FDE7FFB7}"
EndProject
Global
	GlobalSection(SolutionConfigurationPlatforms) = preSolution
		Debug|Any CPU = Debug|Any CPU
		Release|Any CPU = Release|Any CPU
	EndGlobalSection
	GlobalSection(ProjectConfigurationPlatforms) = postSolution
		{7CDE1DDC-37AD-4476-B575-C4D2FDE7FFB7}.Debug|Any CPU.ActiveCfg = Debug|Any CPU
		{7CDE1DDC-37AD-4476-B575-C4D2FDE7FFB7}.Debug|Any CPU.Build.0 = Debug|Any CPU
		{7CDE1DDC-37AD-4476-B575-C4D2FDE7FFB7}.Release|Any CPU.ActiveCfg = Release|Any CPU
		{7CDE1DDC-37AD-4476-B575-C4D2FDE7FFB7}.Release|Any CPU.Build.0 = Release|Any CPU
	EndGlobalSection
	GlobalSection(SolutionProperties) = preSolution
		HideSolutionNode = FALSE
	EndGlobalSection
	GlobalSection(ExtensibilityGlobals) = postSolution
		SolutionGuid = {06F6D38B-4442-4AAE-8FCE-6E3B3D9BBA4A}
	EndGlobalSection
EndGlobal
